%{"bunt": {:hex, :bunt, "0.1.6", "5d95a6882f73f3b9969fdfd1953798046664e6f77ec4e486e6fafc7caad97c6f", [:mix], []},
  "credo": {:hex, :credo, "0.4.0-beta4", "803324b5aef473482f3e2ced13befe18069f00f431f37a8b311dc9042b1a3856", [:mix], [{:bunt, "~> 0.1.6", [hex: :bunt, optional: false]}]},
  "fs": {:hex, :fs, "0.9.2", "ed17036c26c3f70ac49781ed9220a50c36775c6ca2cf8182d123b6566e49ec59", [:rebar], []},
  "mix_test_watch": {:hex, :mix_test_watch, "0.2.6", "9fcc2b1b89d1594c4a8300959c19d50da2f0ff13642c8f681692a6e507f92cab", [:mix], [{:fs, "~> 0.9.1", [hex: :fs, optional: false]}]}}
